PODS:
  - Capacitor (7.6.6):
    - CapacitorCordova
  - CapacitorCordova (7.6.6)

DEPENDENCIES:
  - "Capacitor (from `../../node_modules/@capacitor/ios`)"
  - "CapacitorCordova (from `../../node_modules/@capacitor/ios`)"

EXTERNAL SOURCES:
  Capacitor:
    :path: "../../node_modules/@capacitor/ios"
  CapacitorCordova:
    :path: "../../node_modules/@capacitor/ios"

SPEC CHECKSUMS:
  Capacitor: 961efd309ab0e390a8081b63c561186f61a6714d
  CapacitorCordova: 3a4e0027a89a59421c918d19aee9d6ba1c7a3556

PODFILE CHECKSUM: e5aad413742a07f9e736126612b43b6c058babcd

COCOAPODS: 1.16.2
