PODS:
  - Capacitor (7.6.6):
    - CapacitorCordova
  - CapacitorCordova (7.6.6)
  - CapacitorSplashScreen (7.0.2):
    - Capacitor

DEPENDENCIES:
  - "Capacitor (from `../../node_modules/@capacitor/ios`)"
  - "CapacitorCordova (from `../../node_modules/@capacitor/ios`)"
  - "CapacitorSplashScreen (from `../../node_modules/@capacitor/splash-screen`)"

EXTERNAL SOURCES:
  Capacitor:
    :path: "../../node_modules/@capacitor/ios"
  CapacitorCordova:
    :path: "../../node_modules/@capacitor/ios"
  CapacitorSplashScreen:
    :path: "../../node_modules/@capacitor/splash-screen"

SPEC CHECKSUMS:
  Capacitor: 961efd309ab0e390a8081b63c561186f61a6714d
  CapacitorCordova: 3a4e0027a89a59421c918d19aee9d6ba1c7a3556
  CapacitorSplashScreen: 157947576b59d913792063a8d442a79e6d283ee5

PODFILE CHECKSUM: defae69d045aabbbb2d1c81b9ed5ce5a3409e308

COCOAPODS: 1.16.2
